
Microsoft Visual Studio Solution File, Format Version 12.00
# Visual Studio 15
VisualStudioVersion = 15.0.28307.168
MinimumVisualStudioVersion = 10.0.40219.1
Project("{FAE04EC0-301F-11D3-BF4B-00C04F79EFBC}") = "Data", "Data\Data.csproj", "{5CE48E30-6AF6-4106-BE05-6B6E84705D7F}"
EndProject
Project("{FAE04EC0-301F-11D3-BF4B-00C04F79EFBC}") = "Pizzach", "Pizzach\Pizzach.csproj", "{7FBD4E4A-925E-40AB-9D8C-02B9DFD45B8B}"
EndProject
Global
	GlobalSection(SolutionConfigurationPlatforms) = preSolution
		Debug|Any CPU = Debug|Any CPU
		Release|Any CPU = Release|Any CPU
	EndGlobalSection
	GlobalSection(ProjectConfigurationPlatforms) = postSolution
		{5CE48E30-6AF6-4106-BE05-6B6E84705D7F}.Debug|Any CPU.ActiveCfg = Debug|Any CPU
		{5CE48E30-6AF6-4106-BE05-6B6E84705D7F}.Debug|Any CPU.Build.0 = Debug|Any CPU
		{5CE48E30-6AF6-4106-BE05-6B6E84705D7F}.Release|Any CPU.ActiveCfg = Release|Any CPU
		{5CE48E30-6AF6-4106-BE05-6B6E84705D7F}.Release|Any CPU.Build.0 = Release|Any CPU
		{7FBD4E4A-925E-40AB-9D8C-02B9DFD45B8B}.Debug|Any CPU.ActiveCfg = Debug|Any CPU
		{7FBD4E4A-925E-40AB-9D8C-02B9DFD45B8B}.Debug|Any CPU.Build.0 = Debug|Any CPU
		{7FBD4E4A-925E-40AB-9D8C-02B9DFD45B8B}.Release|Any CPU.ActiveCfg = Release|Any CPU
		{7FBD4E4A-925E-40AB-9D8C-02B9DFD45B8B}.Release|Any CPU.Build.0 = Release|Any CPU
	EndGlobalSection
	GlobalSection(SolutionProperties) = preSolution
		HideSolutionNode = FALSE
	EndGlobalSection
	GlobalSection(ExtensibilityGlobals) = postSolution
		SolutionGuid = {A96A25B5-B1DB-43D9-906B-054F24540466}
	EndGlobalSection
EndGlobal
